// !$*UTF8*$!
{
	archiveVersion = 1;
	classes = {
	};
	objectVersion = 48;
	objects = {

/* Begin PBXBuildFile section */
		C092D63C1F71946A00EC9A1E /* AppDelegate.swift in Sources */ = {isa = PBXBuildFile; fileRef = C092D63B1F71946A00EC9A1E /* AppDelegate.swift */; };
		C092D63E1F71946A00EC9A1E /* ViewController.swift in Sources */ = {isa = PBXBuildFile; fileRef = C092D63D1F71946A00EC9A1E /* ViewController.swift */; };
		C092D6411F71946A00EC9A1E /* Main.storyboard in Resources */ = {isa = PBXBuildFile; fileRef = C092D63F1F71946A00EC9A1E /* Main.storyboard */; };
		C092D6431F71946A00EC9A1E /* Assets.xcassets in Resources */ = {isa = PBXBuildFile; fileRef = C092D6421F71946A00EC9A1E /* Assets.xcassets */; };
		C092D6461F71946A00EC9A1E /* LaunchScreen.storyboard in Resources */ = {isa = PBXBuildFile; fileRef = C092D6441F71946A00EC9A1E /* LaunchScreen.storyboard */; };
		C092D64E1F71975200EC9A1E /* pokemon.csv in Resources */ = {isa = PBXBuildFile; fileRef = C092D64D1F71975200EC9A1E /* pokemon.csv */; };
		C092D6511F71982A00EC9A1E /* Pokemon.swift in Sources */ = {isa = PBXBuildFile; fileRef = C092D6501F71982A00EC9A1E /* Pokemon.swift */; };
		C092D6541F719E0C00EC9A1E /* PokeCell.swift in Sources */ = {isa = PBXBuildFile; fileRef = C092D6531F719E0C00EC9A1E /* PokeCell.swift */; };
		C092D6561F71A42400EC9A1E /* csv.swift in Sources */ = {isa = PBXBuildFile; fileRef = C092D6551F71A42400EC9A1E /* csv.swift */; };
/* End PBXBuildFile section */

/* Begin PBXFileReference section */
		C092D6381F71946A00EC9A1E /* Pokedex 3.app */ = {isa = PBXFileReference; explicitFileType = wrapper.application; includeInIndex = 0; path = "Pokedex 3.app"; sourceTree = BUILT_PRODUCTS_DIR; };
		C092D63B1F71946A00EC9A1E /* AppDelegate.swift */ = {isa = PBXFileReference; lastKnownFileType = sourcecode.swift; path = AppDelegate.swift; sourceTree = "<group>"; };
		C092D63D1F71946A00EC9A1E /* ViewController.swift */ = {isa = PBXFileReference; lastKnownFileType = sourcecode.swift; path = ViewController.swift; sourceTree = "<group>"; };
		C092D6401F71946A00EC9A1E /* Base */ = {isa = PBXFileReference; lastKnownFileType = file.storyboard; name = Base; path = Base.lproj/Main.storyboard; sourceTree = "<group>"; };
		C092D6421F71946A00EC9A1E /* Assets.xcassets */ = {isa = PBXFileReference; lastKnownFileType = folder.assetcatalog; path = Assets.xcassets; sourceTree = "<group>"; };
		C092D6451F71946A00EC9A1E /* Base */ = {isa = PBXFileReference; lastKnownFileType = file.storyboard; name = Base; path = Base.lproj/LaunchScreen.storyboard; sourceTree = "<group>"; };
		C092D6471F71946A00EC9A1E /* Info.plist */ = {isa = PBXFileReference; lastKnownFileType = text.plist.xml; path = Info.plist; sourceTree = "<group>"; };
		C092D64D1F71975200EC9A1E /* pokemon.csv */ = {isa = PBXFileReference; fileEncoding = 4; lastKnownFileType = text; name = pokemon.csv; path = "../../../../Downloads/pokeapi-master/data/v1/pokemon.csv"; sourceTree = "<group>"; };
		C092D6501F71982A00EC9A1E /* Pokemon.swift */ = {isa = PBXFileReference; lastKnownFileType = sourcecode.swift; path = Pokemon.swift; sourceTree = "<group>"; };
		C092D6531F719E0C00EC9A1E /* PokeCell.swift */ = {isa = PBXFileReference; lastKnownFileType = sourcecode.swift; path = PokeCell.swift; sourceTree = "<group>"; };
		C092D6551F71A42400EC9A1E /* csv.swift */ = {isa = PBXFileReference; fileEncoding = 4; lastKnownFileType = sourcecode.swift; name = csv.swift; path = "../../../../Downloads/csvswift-master/csv.swift"; sourceTree = "<group>"; };
/* End PBXFileReference section */

/* Begin PBXFrameworksBuildPhase section */
		C092D6351F71946A00EC9A1E /* Frameworks */ = {
			isa = PBXFrameworksBuildPhase;
			buildActionMask = 2147483647;
			files = (
			);
			runOnlyForDeploymentPostprocessing = 0;
		};
/* End PBXFrameworksBuildPhase section */

/* Begin PBXGroup section */
		C092D62F1F71946A00EC9A1E = {
			isa = PBXGroup;
			children = (
				C092D63A1F71946A00EC9A1E /* Pokedex 3 */,
				C092D6391F71946A00EC9A1E /* Products */,
			);
			sourceTree = "<group>";
		};
		C092D6391F71946A00EC9A1E /* Products */ = {
			isa = PBXGroup;
			children = (
				C092D6381F71946A00EC9A1E /* Pokedex 3.app */,
			);
			name = Products;
			sourceTree = "<group>";
		};
		C092D63A1F71946A00EC9A1E /* Pokedex 3 */ = {
			isa = PBXGroup;
			children = (
				C092D6521F719DF000EC9A1E /* View */,
				C092D64F1F71981C00EC9A1E /* Model */,
				C092D63B1F71946A00EC9A1E /* AppDelegate.swift */,
				C092D63D1F71946A00EC9A1E /* ViewController.swift */,
				C092D63F1F71946A00EC9A1E /* Main.storyboard */,
				C092D6421F71946A00EC9A1E /* Assets.xcassets */,
				C092D64D1F71975200EC9A1E /* pokemon.csv */,
				C092D6551F71A42400EC9A1E /* csv.swift */,
				C092D6441F71946A00EC9A1E /* LaunchScreen.storyboard */,
				C092D6471F71946A00EC9A1E /* Info.plist */,
			);
			path = "Pokedex 3";
			sourceTree = "<group>";
		};
		C092D64F1F71981C00EC9A1E /* Model */ = {
			isa = PBXGroup;
			children = (
				C092D6501F71982A00EC9A1E /* Pokemon.swift */,
			);
			path = Model;
			sourceTree = "<group>";
		};
		C092D6521F719DF000EC9A1E /* View */ = {
			isa = PBXGroup;
			children = (
				C092D6531F719E0C00EC9A1E /* PokeCell.swift */,
			);
			path = View;
			sourceTree = "<group>";
		};
/* End PBXGroup section */

/* Begin PBXNativeTarget section */
		C092D6371F71946A00EC9A1E /* Pokedex 3 */ = {
			isa = PBXNativeTarget;
			buildConfigurationList = C092D64A1F71946A00EC9A1E /* Build configuration list for PBXNativeTarget "Pokedex 3" */;
			buildPhases = (
				C092D6341F71946A00EC9A1E /* Sources */,
				C092D6351F71946A00EC9A1E /* Frameworks */,
				C092D6361F71946A00EC9A1E /* Resources */,
			);
			buildRules = (
			);
			dependencies = (
			);
			name = "Pokedex 3";
			productName = "Pokedex 3";
			productReference = C092D6381F71946A00EC9A1E /* Pokedex 3.app */;
			productType = "com.apple.product-type.application";
		};
/* End PBXNativeTarget section */

/* Begin PBXProject section */
		C092D6301F71946A00EC9A1E /* Project object */ = {
			isa = PBXProject;
			attributes = {
				LastSwiftUpdateCheck = 0900;
				LastUpgradeCheck = 0900;
				ORGANIZATIONNAME = "Gabriel T";
				TargetAttributes = {
					C092D6371F71946A00EC9A1E = {
						CreatedOnToolsVersion = 9.0;
					};
				};
			};
			buildConfigurationList = C092D6331F71946A00EC9A1E /* Build configuration list for PBXProject "Pokedex 3" */;
			compatibilityVersion = "Xcode 8.0";
			developmentRegion = en;
			hasScannedForEncodings = 0;
			knownRegions = (
				en,
				Base,
			);
			mainGroup = C092D62F1F71946A00EC9A1E;
			productRefGroup = C092D6391F71946A00EC9A1E /* Products */;
			projectDirPath = "";
			projectRoot = "";
			targets = (
				C092D6371F71946A00EC9A1E /* Pokedex 3 */,
			);
		};
/* End PBXProject section */

/* Begin PBXResourcesBuildPhase section */
		C092D6361F71946A00EC9A1E /* Resources */ = {
			isa = PBXResourcesBuildPhase;
			buildActionMask = 2147483647;
			files = (
				C092D6461F71946A00EC9A1E /* LaunchScreen.storyboard in Resources */,
				C092D6431F71946A00EC9A1E /* Assets.xcassets in Resources */,
				C092D64E1F71975200EC9A1E /* pokemon.csv in Resources */,
				C092D6411F71946A00EC9A1E /* Main.storyboard in Resources */,
			);
			runOnlyForDeploymentPostprocessing = 0;
		};
/* End PBXResourcesBuildPhase section */

/* Begin PBXSourcesBuildPhase section */
		C092D6341F71946A00EC9A1E /* Sources */ = {
			isa = PBXSourcesBuildPhase;
			buildActionMask = 2147483647;
			files = (
				C092D63E1F71946A00EC9A1E /* ViewController.swift in Sources */,
				C092D63C1F71946A00EC9A1E /* AppDelegate.swift in Sources */,
				C092D6541F719E0C00EC9A1E /* PokeCell.swift in Sources */,
				C092D6511F71982A00EC9A1E /* Pokemon.swift in Sources */,
				C092D6561F71A42400EC9A1E /* csv.swift in Sources */,
			);
			runOnlyForDeploymentPostprocessing = 0;
		};
/* End PBXSourcesBuildPhase section */

/* Begin PBXVariantGroup section */
		C092D63F1F71946A00EC9A1E /* Main.storyboard */ = {
			isa = PBXVariantGroup;
			children = (
				C092D6401F71946A00EC9A1E /* Base */,
			);
			name = Main.storyboard;
			sourceTree = "<group>";
		};
		C092D6441F71946A00EC9A1E /* LaunchScreen.storyboard */ = {
			isa = PBXVariantGroup;
			children = (
				C092D6451F71946A00EC9A1E /* Base */,
			);
			name = LaunchScreen.storyboard;
			sourceTree = "<group>";
		};
/* End PBXVariantGroup section */

/* Begin XCBuildConfiguration section */
		C092D6481F71946A00EC9A1E /* Debug */ = {
			isa = XCBuildConfiguration;
			buildSettings = {
				ALWAYS_SEARCH_USER_PATHS = NO;
				CLANG_ANALYZER_NONNULL = YES;
				CLANG_ANALYZER_NUMBER_OBJECT_CONVERSION = YES_AGGRESSIVE;
				CLANG_CXX_LANGUAGE_STANDARD = "gnu++14";
				CLANG_CXX_LIBRARY = "libc++";
				CLANG_ENABLE_MODULES = YES;
				CLANG_ENABLE_OBJC_ARC = YES;
				CLANG_WARN_BLOCK_CAPTURE_AUTORELEASING = YES;
				CLANG_WARN_BOOL_CONVERSION = YES;
				CLANG_WARN_COMMA = YES;
				CLANG_WARN_CONSTANT_CONVERSION = YES;
				CLANG_WARN_DIRECT_OBJC_ISA_USAGE = YES_ERROR;
				CLANG_WARN_DOCUMENTATION_COMMENTS = YES;
				CLANG_WARN_EMPTY_BODY = YES;
				CLANG_WARN_ENUM_CONVERSION = YES;
				CLANG_WARN_INFINITE_RECURSION = YES;
				CLANG_WARN_INT_CONVERSION = YES;
				CLANG_WARN_OBJC_ROOT_CLASS = YES_ERROR;
				CLANG_WARN_RANGE_LOOP_ANALYSIS = YES;
				CLANG_WARN_STRICT_PROTOTYPES = YES;
				CLANG_WARN_SUSPICIOUS_MOVE = YES;
				CLANG_WARN_UNGUARDED_AVAILABILITY = YES_AGGRESSIVE;
				CLANG_WARN_UNREACHABLE_CODE = YES;
				CLANG_WARN__DUPLICATE_METHOD_MATCH = YES;
				CODE_SIGN_IDENTITY = "iPhone Developer";
				COPY_PHASE_STRIP = NO;
				DEBUG_INFORMATION_FORMAT = dwarf;
				ENABLE_STRICT_OBJC_MSGSEND = YES;
				ENABLE_TESTABILITY = YES;
				GCC_C_LANGUAGE_STANDARD = gnu11;
				GCC_DYNAMIC_NO_PIC = NO;
				GCC_NO_COMMON_BLOCKS = YES;
				GCC_OPTIMIZATION_LEVEL = 0;
				GCC_PREPROCESSOR_DEFINITIONS = (
					"DEBUG=1",
					"$(inherited)",
				);
				GCC_WARN_64_TO_32_BIT_CONVERSION = YES;
				GCC_WARN_ABOUT_RETURN_TYPE = YES_ERROR;
				GCC_WARN_UNDECLARED_SELECTOR = YES;
				GCC_WARN_UNINITIALIZED_AUTOS = YES_AGGRESSIVE;
				GCC_WARN_UNUSED_FUNCTION = YES;
				GCC_WARN_UNUSED_VARIABLE = YES;
				IPHONEOS_DEPLOYMENT_TARGET = 11.0;
				MTL_ENABLE_DEBUG_INFO = YES;
				ONLY_ACTIVE_ARCH = YES;
				SDKROOT = iphoneos;
				SWIFT_ACTIVE_COMPILATION_CONDITIONS = DEBUG;
				SWIFT_OPTIMIZATION_LEVEL = "-Onone";
			};
			name = Debug;
		};
		C092D6491F71946A00EC9A1E /* Release */ = {
			isa = XCBuildConfiguration;
			buildSettings = {
				ALWAYS_SEARCH_USER_PATHS = NO;
				CLANG_ANALYZER_NONNULL = YES;
				CLANG_ANALYZER_NUMBER_OBJECT_CONVERSION = YES_AGGRESSIVE;
				CLANG_CXX_LANGUAGE_STANDARD = "gnu++14";
				CLANG_CXX_LIBRARY = "libc++";
				CLANG_ENABLE_MODULES = YES;
				CLANG_ENABLE_OBJC_ARC = YES;
				CLANG_WARN_BLOCK_CAPTURE_AUTORELEASING = YES;
				CLANG_WARN_BOOL_CONVERSION = YES;
				CLANG_WARN_COMMA = YES;
				CLANG_WARN_CONSTANT_CONVERSION = YES;
				CLANG_WARN_DIRECT_OBJC_ISA_USAGE = YES_ERROR;
				CLANG_WARN_DOCUMENTATION_COMMENTS = YES;
				CLANG_WARN_EMPTY_BODY = YES;
				CLANG_WARN_ENUM_CONVERSION = YES;
				CLANG_WARN_INFINITE_RECURSION = YES;
				CLANG_WARN_INT_CONVERSION = YES;
				CLANG_WARN_OBJC_ROOT_CLASS = YES_ERROR;
				CLANG_WARN_RANGE_LOOP_ANALYSIS = YES;
				CLANG_WARN_STRICT_PROTOTYPES = YES;
				CLANG_WARN_SUSPICIOUS_MOVE = YES;
				CLANG_WARN_UNGUARDED_AVAILABILITY = YES_AGGRESSIVE;
				CLANG_WARN_UNREACHABLE_CODE = YES;
				CLANG_WARN__DUPLICATE_METHOD_MATCH = YES;
				CODE_SIGN_IDENTITY = "iPhone Developer";
				COPY_PHASE_STRIP = NO;
				DEBUG_INFORMATION_FORMAT = "dwarf-with-dsym";
				ENABLE_NS_ASSERTIONS = NO;
				ENABLE_STRICT_OBJC_MSGSEND = YES;
				GCC_C_LANGUAGE_STANDARD = gnu11;
				GCC_NO_COMMON_BLOCKS = YES;
				GCC_WARN_64_TO_32_BIT_CONVERSION = YES;
				GCC_WARN_ABOUT_RETURN_TYPE = YES_ERROR;
				GCC_WARN_UNDECLARED_SELECTOR = YES;
				GCC_WARN_UNINITIALIZED_AUTOS = YES_AGGRESSIVE;
				GCC_WARN_UNUSED_FUNCTION = YES;
				GCC_WARN_UNUSED_VARIABLE = YES;
				IPHONEOS_DEPLOYMENT_TARGET = 11.0;
				MTL_ENABLE_DEBUG_INFO = NO;
				SDKROOT = iphoneos;
				SWIFT_OPTIMIZATION_LEVEL = "-Owholemodule";
				VALIDATE_PRODUCT = YES;
			};
			name = Release;
		};
		C092D64B1F71946A00EC9A1E /* Debug */ = {
			isa = XCBuildConfiguration;
			buildSettings = {
				ASSETCATALOG_COMPILER_APPICON_NAME = AppIcon;
				DEVELOPMENT_TEAM = AR992B335D;
				INFOPLIST_FILE = "Pokedex 3/Info.plist";
				LD_RUNPATH_SEARCH_PATHS = "$(inherited) @executable_path/Frameworks";
				PRODUCT_BUNDLE_IDENTIFIER = "com.essentialtech.Pokedex-3";
				PRODUCT_NAME = "$(TARGET_NAME)";
				SWIFT_VERSION = 4.0;
				TARGETED_DEVICE_FAMILY = "1,2";
			};
			name = Debug;
		};
		C092D64C1F71946A00EC9A1E /* Release */ = {
			isa = XCBuildConfiguration;
			buildSettings = {
				ASSETCATALOG_COMPILER_APPICON_NAME = AppIcon;
				DEVELOPMENT_TEAM = AR992B335D;
				INFOPLIST_FILE = "Pokedex 3/Info.plist";
				LD_RUNPATH_SEARCH_PATHS = "$(inherited) @executable_path/Frameworks";
				PRODUCT_BUNDLE_IDENTIFIER = "com.essentialtech.Pokedex-3";
				PRODUCT_NAME = "$(TARGET_NAME)";
				SWIFT_VERSION = 4.0;
				TARGETED_DEVICE_FAMILY = "1,2";
			};
			name = Release;
		};
/* End XCBuildConfiguration section */

/* Begin XCConfigurationList section */
		C092D6331F71946A00EC9A1E /* Build configuration list for PBXProject "Pokedex 3" */ = {
			isa = XCConfigurationList;
			buildConfigurations = (
				C092D6481F71946A00EC9A1E /* Debug */,
				C092D6491F71946A00EC9A1E /* Release */,
			);
			defaultConfigurationIsVisible = 0;
			defaultConfigurationName = Release;
		};
		C092D64A1F71946A00EC9A1E /* Build configuration list for PBXNativeTarget "Pokedex 3" */ = {
			isa = XCConfigurationList;
			buildConfigurations = (
				C092D64B1F71946A00EC9A1E /* Debug */,
				C092D64C1F71946A00EC9A1E /* Release */,
			);
			defaultConfigurationIsVisible = 0;
		};
/* End XCConfigurationList section */
	};
	rootObject = C092D6301F71946A00EC9A1E /* Project object */;
}
